// !$*UTF8*$!
{
	archiveVersion = 1;
	classes = {
	};
	objectVersion = 77;
	objects = {

/* Begin PBXContainerItemProxy section */
		C1EB2B102EDAE2B1005CB17D /* PBXContainerItemProxy */ = {
			isa = PBXContainerItemProxy;
			containerPortal = C1EB2AF12EDAE2AD005CB17D /* Project object */;
			proxyType = 1;
			remoteGlobalIDString = C1EB2AF82EDAE2AD005CB17D;
			remoteInfo = PratikGajbhiyeTask;
		};
		C1EB2B1A2EDAE2B1005CB17D /* PBXContainerItemProxy */ = {
			isa = PBXContainerItemProxy;
			containerPortal = C1EB2AF12EDAE2AD005CB17D /* Project object */;
			proxyType = 1;
			remoteGlobalIDString = C1EB2AF82EDAE2AD005CB17D;
			remoteInfo = PratikGajbhiyeTask;
		};
/* End PBXContainerItemProxy section */

/* Begin PBXFileReference section */
		C1EB2AF92EDAE2AD005CB17D /* PratikGajbhiyeTask.app */ = {isa = PBXFileReference; explicitFileType = wrapper.application; includeInIndex = 0; path = PratikGajbhiyeTask.app; sourceTree = BUILT_PRODUCTS_DIR; };
		C1EB2B0F2EDAE2B1005CB17D /* PratikGajbhiyeTaskTests.xctest */ = {isa = PBXFileReference; explicitFileType = wrapper.cfbundle; includeInIndex = 0; path = PratikGajbhiyeTaskTests.xctest; sourceTree = BUILT_PRODUCTS_DIR; };
		C1EB2B192EDAE2B1005CB17D /* PratikGajbhiyeTaskUITests.xctest */ = {isa = PBXFileReference; explicitFileType = wrapper.cfbundle; includeInIndex = 0; path = PratikGajbhiyeTaskUITests.xctest; sourceTree = BUILT_PRODUCTS_DIR; };
/* End PBXFileReference section */

/* Begin PBXFileSystemSynchronizedBuildFileExceptionSet section */
		C1EB2B212EDAE2B1005CB17D /* Exceptions for "PratikGajbhiyeTask" folder in "PratikGajbhiyeTask" target */ = {
			isa = PBXFileSystemSynchronizedBuildFileExceptionSet;
			membershipExceptions = (
				Info.plist,
			);
			target = C1EB2AF82EDAE2AD005CB17D /* PratikGajbhiyeTask */;
		};
/* End PBXFileSystemSynchronizedBuildFileExceptionSet section */

/* Begin PBXFileSystemSynchronizedRootGroup section */
		C1EB2AFB2EDAE2AD005CB17D /* PratikGajbhiyeTask */ = {
			isa = PBXFileSystemSynchronizedRootGroup;
			exceptions = (
				C1EB2B212EDAE2B1005CB17D /* Exceptions for "PratikGajbhiyeTask" folder in "PratikGajbhiyeTask" target */,
			);
			path = PratikGajbhiyeTask;
			sourceTree = "<group>";
		};
		C1EB2B122EDAE2B1005CB17D /* PratikGajbhiyeTaskTests */ = {
			isa = PBXFileSystemSynchronizedRootGroup;
			path = PratikGajbhiyeTaskTests;
			sourceTree = "<group>";
		};
		C1EB2B1C2EDAE2B1005CB17D /* PratikGajbhiyeTaskUITests */ = {
			isa = PBXFileSystemSynchronizedRootGroup;
			path = PratikGajbhiyeTaskUITests;
			sourceTree = "<group>";
		};
/* End PBXFileSystemSynchronizedRootGroup section */

/* Begin PBXFrameworksBuildPhase section */
		C1EB2AF62EDAE2AD005CB17D /* Frameworks */ = {
			isa = PBXFrameworksBuildPhase;
			buildActionMask = 2147483647;
			files = (
			);
			runOnlyForDeploymentPostprocessing = 0;
		};
		C1EB2B0C2EDAE2B1005CB17D /* Frameworks */ = {
			isa = PBXFrameworksBuildPhase;
			buildActionMask = 2147483647;
			files = (
			);
			runOnlyForDeploymentPostprocessing = 0;
		};
		C1EB2B162EDAE2B1005CB17D /* Frameworks */ = {
			isa = PBXFrameworksBuildPhase;
			buildActionMask = 2147483647;
			files = (
			);
			runOnlyForDeploymentPostprocessing = 0;
		};
/* End PBXFrameworksBuildPhase section */

/* Begin PBXGroup section */
		C1EB2AF02EDAE2AD005CB17D = {
			isa = PBXGroup;
			children = (
				C1EB2AFB2EDAE2AD005CB17D /* PratikGajbhiyeTask */,
				C1EB2B122EDAE2B1005CB17D /* PratikGajbhiyeTaskTests */,
				C1EB2B1C2EDAE2B1005CB17D /* PratikGajbhiyeTaskUITests */,
				C1EB2AFA2EDAE2AD005CB17D /* Products */,
			);
			sourceTree = "<group>";
		};
		C1EB2AFA2EDAE2AD005CB17D /* Products */ = {
			isa = PBXGroup;
			children = (
				C1EB2AF92EDAE2AD005CB17D /* PratikGajbhiyeTask.app */,
				C1EB2B0F2EDAE2B1005CB17D /* PratikGajbhiyeTaskTests.xctest */,
				C1EB2B192EDAE2B1005CB17D /* PratikGajbhiyeTaskUITests.xctest */,
			);
			name = Products;
			sourceTree = "<group>";
		};
/* End PBXGroup section */

/* Begin PBXNativeTarget section */
		C1EB2AF82EDAE2AD005CB17D /* PratikGajbhiyeTask */ = {
			isa = PBXNativeTarget;
			buildConfigurationList = C1EB2B222EDAE2B1005CB17D /* Build configuration list for PBXNativeTarget "PratikGajbhiyeTask" */;
			buildPhases = (
				C1EB2AF52EDAE2AD005CB17D /* Sources */,
				C1EB2AF62EDAE2AD005CB17D /* Frameworks */,
				C1EB2AF72EDAE2AD005CB17D /* Resources */,
			);
			buildRules = (
			);
			dependencies = (
			);
			fileSystemSynchronizedGroups = (
				C1EB2AFB2EDAE2AD005CB17D /* PratikGajbhiyeTask */,
			);
			name = PratikGajbhiyeTask;
			packageProductDependencies = (
			);
			productName = PratikGajbhiyeTask;
			productReference = C1EB2AF92EDAE2AD005CB17D /* PratikGajbhiyeTask.app */;
			productType = "com.apple.product-type.application";
		};
		C1EB2B0E2EDAE2B1005CB17D /* PratikGajbhiyeTaskTests */ = {
			isa = PBXNativeTarget;
			buildConfigurationList = C1EB2B272EDAE2B1005CB17D /* Build configuration list for PBXNativeTarget "PratikGajbhiyeTaskTests" */;
			buildPhases = (
				C1EB2B0B2EDAE2B1005CB17D /* Sources */,
				C1EB2B0C2EDAE2B1005CB17D /* Frameworks */,
				C1EB2B0D2EDAE2B1005CB17D /* Resources */,
			);
			buildRules = (
			);
			dependencies = (
				C1EB2B112EDAE2B1005CB17D /* PBXTargetDependency */,
			);
			fileSystemSynchronizedGroups = (
				C1EB2B122EDAE2B1005CB17D /* PratikGajbhiyeTaskTests */,
			);
			name = PratikGajbhiyeTaskTests;
			packageProductDependencies = (
			);
			productName = PratikGajbhiyeTaskTests;
			productReference = C1EB2B0F2EDAE2B1005CB17D /* PratikGajbhiyeTaskTests.xctest */;
			productType = "com.apple.product-type.bundle.unit-test";
		};
		C1EB2B182EDAE2B1005CB17D /* PratikGajbhiyeTaskUITests */ = {
			isa = PBXNativeTarget;
			buildConfigurationList = C1EB2B2A2EDAE2B1005CB17D /* Build configuration list for PBXNativeTarget "PratikGajbhiyeTaskUITests" */;
			buildPhases = (
				C1EB2B152EDAE2B1005CB17D /* Sources */,
				C1EB2B162EDAE2B1005CB17D /* Frameworks */,
				C1EB2B172EDAE2B1005CB17D /* Resources */,
			);
			buildRules = (
			);
			dependencies = (
				C1EB2B1B2EDAE2B1005CB17D /* PBXTargetDependency */,
			);
			fileSystemSynchronizedGroups = (
				C1EB2B1C2EDAE2B1005CB17D /* PratikGajbhiyeTaskUITests */,
			);
			name = PratikGajbhiyeTaskUITests;
			packageProductDependencies = (
			);
			productName = PratikGajbhiyeTaskUITests;
			productReference = C1EB2B192EDAE2B1005CB17D /* PratikGajbhiyeTaskUITests.xctest */;
			productType = "com.apple.product-type.bundle.ui-testing";
		};
/* End PBXNativeTarget section */

/* Begin PBXProject section */
		C1EB2AF12EDAE2AD005CB17D /* Project object */ = {
			isa = PBXProject;
			attributes = {
				BuildIndependentTargetsInParallel = 1;
				LastSwiftUpdateCheck = 1620;
				LastUpgradeCheck = 1620;
				TargetAttributes = {
					C1EB2AF82EDAE2AD005CB17D = {
						CreatedOnToolsVersion = 16.2;
					};
					C1EB2B0E2EDAE2B1005CB17D = {
						CreatedOnToolsVersion = 16.2;
						TestTargetID = C1EB2AF82EDAE2AD005CB17D;
					};
					C1EB2B182EDAE2B1005CB17D = {
						CreatedOnToolsVersion = 16.2;
						TestTargetID = C1EB2AF82EDAE2AD005CB17D;
					};
				};
			};
			buildConfigurationList = C1EB2AF42EDAE2AD005CB17D /* Build configuration list for PBXProject "PratikGajbhiyeTask" */;
			developmentRegion = en;
			hasScannedForEncodings = 0;
			knownRegions = (
				en,
				Base,
			);
			mainGroup = C1EB2AF02EDAE2AD005CB17D;
			minimizedProjectReferenceProxies = 1;
			preferredProjectObjectVersion = 77;
			productRefGroup = C1EB2AFA2EDAE2AD005CB17D /* Products */;
			projectDirPath = "";
			projectRoot = "";
			targets = (
				C1EB2AF82EDAE2AD005CB17D /* PratikGajbhiyeTask */,
				C1EB2B0E2EDAE2B1005CB17D /* PratikGajbhiyeTaskTests */,
				C1EB2B182EDAE2B1005CB17D /* PratikGajbhiyeTaskUITests */,
			);
		};
/* End PBXProject section */

/* Begin PBXResourcesBuildPhase section */
		C1EB2AF72EDAE2AD005CB17D /* Resources */ = {
			isa = PBXResourcesBuildPhase;
			buildActionMask = 2147483647;
			files = (
			);
			runOnlyForDeploymentPostprocessing = 0;
		};
		C1EB2B0D2EDAE2B1005CB17D /* Resources */ = {
			isa = PBXResourcesBuildPhase;
			buildActionMask = 2147483647;
			files = (
			);
			runOnlyForDeploymentPostprocessing = 0;
		};
		C1EB2B172EDAE2B1005CB17D /* Resources */ = {
			isa = PBXResourcesBuildPhase;
			buildActionMask = 2147483647;
			files = (
			);
			runOnlyForDeploymentPostprocessing = 0;
		};
/* End PBXResourcesBuildPhase section */

/* Begin PBXSourcesBuildPhase section */
		C1EB2AF52EDAE2AD005CB17D /* Sources */ = {
			isa = PBXSourcesBuildPhase;
			buildActionMask = 2147483647;
			files = (
			);
			runOnlyForDeploymentPostprocessing = 0;
		};
		C1EB2B0B2EDAE2B1005CB17D /* Sources */ = {
			isa = PBXSourcesBuildPhase;
			buildActionMask = 2147483647;
			files = (
			);
			runOnlyForDeploymentPostprocessing = 0;
		};
		C1EB2B152EDAE2B1005CB17D /* Sources */ = {
			isa = PBXSourcesBuildPhase;
			buildActionMask = 2147483647;
			files = (
			);
			runOnlyForDeploymentPostprocessing = 0;
		};
/* End PBXSourcesBuildPhase section */

/* Begin PBXTargetDependency section */
		C1EB2B112EDAE2B1005CB17D /* PBXTargetDependency */ = {
			isa = PBXTargetDependency;
			target = C1EB2AF82EDAE2AD005CB17D /* PratikGajbhiyeTask */;
			targetProxy = C1EB2B102EDAE2B1005CB17D /* PBXContainerItemProxy */;
		};
		C1EB2B1B2EDAE2B1005CB17D /* PBXTargetDependency */ = {
			isa = PBXTargetDependency;
			target = C1EB2AF82EDAE2AD005CB17D /* PratikGajbhiyeTask */;
			targetProxy = C1EB2B1A2EDAE2B1005CB17D /* PBXContainerItemProxy */;
		};
/* End PBXTargetDependency section */

/* Begin XCBuildConfiguration section */
		C1EB2B232EDAE2B1005CB17D /* Debug */ = {
			isa = XCBuildConfiguration;
			buildSettings = {
				ASSETCATALOG_COMPILER_APPICON_NAME = AppIcon;
				ASSETCATALOG_COMPILER_GLOBAL_ACCENT_COLOR_NAME = AccentColor;
				CODE_SIGN_STYLE = Automatic;
				CURRENT_PROJECT_VERSION = 1;
				GENERATE_INFOPLIST_FILE = YES;
				INFOPLIST_FILE = PratikGajbhiyeTask/Info.plist;
				INFOPLIST_KEY_UIApplicationSupportsIndirectInputEvents = YES;
				INFOPLIST_KEY_UILaunchStoryboardName = LaunchScreen;
				INFOPLIST_KEY_UIMainStoryboardFile = Main;
				INFOPLIST_KEY_UISupportedInterfaceOrientations_iPad = "UIInterfaceOrientationPortrait UIInterfaceOrientationPortraitUpsideDown UIInterfaceOrientationLandscapeLeft UIInterfaceOrientationLandscapeRight";
				INFOPLIST_KEY_UISupportedInterfaceOrientations_iPhone = "UIInterfaceOrientationPortrait UIInterfaceOrientationLandscapeLeft UIInterfaceOrientationLandscapeRight";
				LD_RUNPATH_SEARCH_PATHS = (
					"$(inherited)",
					"@executable_path/Frameworks",
				);
				MARKETING_VERSION = 1.0;
				PRODUCT_BUNDLE_IDENTIFIER = "com.pratik-iOS.PratikGajbhiyeTask";
				PRODUCT_NAME = "$(TARGET_NAME)";
				SWIFT_EMIT_LOC_STRINGS = YES;
				SWIFT_VERSION = 5.0;
				TARGETED_DEVICE_FAMILY = "1,2";
			};
			name = Debug;
		};
		C1EB2B242EDAE2B1005CB17D /* Release */ = {
			isa = XCBuildConfiguration;
			buildSettings = {
				ASSETCATALOG_COMPILER_APPICON_NAME = AppIcon;
				ASSETCATALOG_COMPILER_GLOBAL_ACCENT_COLOR_NAME = AccentColor;
				CODE_SIGN_STYLE = Automatic;
				CURRENT_PROJECT_VERSION = 1;
				GENERATE_INFOPLIST_FILE = YES;
				INFOPLIST_FILE = PratikGajbhiyeTask/Info.plist;
				INFOPLIST_KEY_UIApplicationSupportsIndirectInputEvents = YES;
				INFOPLIST_KEY_UILaunchStoryboardName = LaunchScreen;
				INFOPLIST_KEY_UIMainStoryboardFile = Main;
				INFOPLIST_KEY_UISupportedInterfaceOrientations_iPad = "UIInterfaceOrientationPortrait UIInterfaceOrientationPortraitUpsideDown UIInterfaceOrientationLandscapeLeft UIInterfaceOrientationLandscapeRight";
				INFOPLIST_KEY_UISupportedInterfaceOrientations_iPhone = "UIInterfaceOrientationPortrait UIInterfaceOrientationLandscapeLeft UIInterfaceOrientationLandscapeRight";
				LD_RUNPATH_SEARCH_PATHS = (
					"$(inherited)",
					"@executable_path/Frameworks",
				);
				MARKETING_VERSION = 1.0;
				PRODUCT_BUNDLE_IDENTIFIER = "com.pratik-iOS.PratikGajbhiyeTask";
				PRODUCT_NAME = "$(TARGET_NAME)";
				SWIFT_EMIT_LOC_STRINGS = YES;
				SWIFT_VERSION = 5.0;
				TARGETED_DEVICE_FAMILY = "1,2";
			};
			name = Release;
		};
		C1EB2B252EDAE2B1005CB17D /* Debug */ = {
			isa = XCBuildConfiguration;
			buildSettings = {
				ALWAYS_SEARCH_USER_PATHS = NO;
				ASSETCATALOG_COMPILER_GENERATE_SWIFT_ASSET_SYMBOL_EXTENSIONS = YES;
				CLANG_ANALYZER_NONNULL = YES;
				CLANG_ANALYZER_NUMBER_OBJECT_CONVERSION = YES_AGGRESSIVE;
				CLANG_CXX_LANGUAGE_STANDARD = "gnu++20";
				CLANG_ENABLE_MODULES = YES;
				CLANG_ENABLE_OBJC_ARC = YES;
				CLANG_ENABLE_OBJC_WEAK = YES;
				CLANG_WARN_BLOCK_CAPTURE_AUTORELEASING = YES;
				CLANG_WARN_BOOL_CONVERSION = YES;
				CLANG_WARN_COMMA = YES;
				CLANG_WARN_CONSTANT_CONVERSION = YES;
				CLANG_WARN_DEPRECATED_OBJC_IMPLEMENTATIONS = YES;
				CLANG_WARN_DIRECT_OBJC_ISA_USAGE = YES_ERROR;
				CLANG_WARN_DOCUMENTATION_COMMENTS = YES;
				CLANG_WARN_EMPTY_BODY = YES;
				CLANG_WARN_ENUM_CONVERSION = YES;
				CLANG_WARN_INFINITE_RECURSION = YES;
				CLANG_WARN_INT_CONVERSION = YES;
				CLANG_WARN_NON_LITERAL_NULL_CONVERSION = YES;
				CLANG_WARN_OBJC_IMPLICIT_RETAIN_SELF = YES;
				CLANG_WARN_OBJC_LITERAL_CONVERSION = YES;
				CLANG_WARN_OBJC_ROOT_CLASS = YES_ERROR;
				CLANG_WARN_QUOTED_INCLUDE_IN_FRAMEWORK_HEADER = YES;
				CLANG_WARN_RANGE_LOOP_ANALYSIS = YES;
				CLANG_WARN_STRICT_PROTOTYPES = YES;
				CLANG_WARN_SUSPICIOUS_MOVE = YES;
				CLANG_WARN_UNGUARDED_AVAILABILITY = YES_AGGRESSIVE;
				CLANG_WARN_UNREACHABLE_CODE = YES;
				CLANG_WARN__DUPLICATE_METHOD_MATCH = YES;
				COPY_PHASE_STRIP = NO;
				DEBUG_INFORMATION_FORMAT = dwarf;
				ENABLE_STRICT_OBJC_MSGSEND = YES;
				ENABLE_TESTABILITY = YES;
				ENABLE_USER_SCRIPT_SANDBOXING = YES;
				GCC_C_LANGUAGE_STANDARD = gnu17;
				GCC_DYNAMIC_NO_PIC = NO;
				GCC_NO_COMMON_BLOCKS = YES;
				GCC_OPTIMIZATION_LEVEL = 0;
				GCC_PREPROCESSOR_DEFINITIONS = (
					"DEBUG=1",
					"$(inherited)",
				);
				GCC_WARN_64_TO_32_BIT_CONVERSION = YES;
				GCC_WARN_ABOUT_RETURN_TYPE = YES_ERROR;
				GCC_WARN_UNDECLARED_SELECTOR = YES;
				GCC_WARN_UNINITIALIZED_AUTOS = YES_AGGRESSIVE;
				GCC_WARN_UNUSED_FUNCTION = YES;
				GCC_WARN_UNUSED_VARIABLE = YES;
				IPHONEOS_DEPLOYMENT_TARGET = 18.2;
				LOCALIZATION_PREFERS_STRING_CATALOGS = YES;
				MTL_ENABLE_DEBUG_INFO = INCLUDE_SOURCE;
				MTL_FAST_MATH = YES;
				ONLY_ACTIVE_ARCH = YES;
				SDKROOT = iphoneos;
				SWIFT_ACTIVE_COMPILATION_CONDITIONS = "DEBUG $(inherited)";
				SWIFT_OPTIMIZATION_LEVEL = "-Onone";
			};
			name = Debug;
		};
		C1EB2B262EDAE2B1005CB17D /* Release */ = {
			isa = XCBuildConfiguration;
			buildSettings = {
				ALWAYS_SEARCH_USER_PATHS = NO;
				ASSETCATALOG_COMPILER_GENERATE_SWIFT_ASSET_SYMBOL_EXTENSIONS = YES;
				CLANG_ANALYZER_NONNULL = YES;
				CLANG_ANALYZER_NUMBER_OBJECT_CONVERSION = YES_AGGRESSIVE;
				CLANG_CXX_LANGUAGE_STANDARD = "gnu++20";
				CLANG_ENABLE_MODULES = YES;
				CLANG_ENABLE_OBJC_ARC = YES;
				CLANG_ENABLE_OBJC_WEAK = YES;
				CLANG_WARN_BLOCK_CAPTURE_AUTORELEASING = YES;
				CLANG_WARN_BOOL_CONVERSION = YES;
				CLANG_WARN_COMMA = YES;
				CLANG_WARN_CONSTANT_CONVERSION = YES;
				CLANG_WARN_DEPRECATED_OBJC_IMPLEMENTATIONS = YES;
				CLANG_WARN_DIRECT_OBJC_ISA_USAGE = YES_ERROR;
				CLANG_WARN_DOCUMENTATION_COMMENTS = YES;
				CLANG_WARN_EMPTY_BODY = YES;
				CLANG_WARN_ENUM_CONVERSION = YES;
				CLANG_WARN_INFINITE_RECURSION = YES;
				CLANG_WARN_INT_CONVERSION = YES;
				CLANG_WARN_NON_LITERAL_NULL_CONVERSION = YES;
				CLANG_WARN_OBJC_IMPLICIT_RETAIN_SELF = YES;
				CLANG_WARN_OBJC_LITERAL_CONVERSION = YES;
				CLANG_WARN_OBJC_ROOT_CLASS = YES_ERROR;
				CLANG_WARN_QUOTED_INCLUDE_IN_FRAMEWORK_HEADER = YES;
				CLANG_WARN_RANGE_LOOP_ANALYSIS = YES;
				CLANG_WARN_STRICT_PROTOTYPES = YES;
				CLANG_WARN_SUSPICIOUS_MOVE = YES;
				CLANG_WARN_UNGUARDED_AVAILABILITY = YES_AGGRESSIVE;
				CLANG_WARN_UNREACHABLE_CODE = YES;
				CLANG_WARN__DUPLICATE_METHOD_MATCH = YES;
				COPY_PHASE_STRIP = NO;
				DEBUG_INFORMATION_FORMAT = "dwarf-with-dsym";
				ENABLE_NS_ASSERTIONS = NO;
				ENABLE_STRICT_OBJC_MSGSEND = YES;
				ENABLE_USER_SCRIPT_SANDBOXING = YES;
				GCC_C_LANGUAGE_STANDARD = gnu17;
				GCC_NO_COMMON_BLOCKS = YES;
				GCC_WARN_64_TO_32_BIT_CONVERSION = YES;
				GCC_WARN_ABOUT_RETURN_TYPE = YES_ERROR;
				GCC_WARN_UNDECLARED_SELECTOR = YES;
				GCC_WARN_UNINITIALIZED_AUTOS = YES_AGGRESSIVE;
				GCC_WARN_UNUSED_FUNCTION = YES;
				GCC_WARN_UNUSED_VARIABLE = YES;
				IPHONEOS_DEPLOYMENT_TARGET = 18.2;
				LOCALIZATION_PREFERS_STRING_CATALOGS = YES;
				MTL_ENABLE_DEBUG_INFO = NO;
				MTL_FAST_MATH = YES;
				SDKROOT = iphoneos;
				SWIFT_COMPILATION_MODE = wholemodule;
				VALIDATE_PRODUCT = YES;
			};
			name = Release;
		};
		C1EB2B282EDAE2B1005CB17D /* Debug */ = {
			isa = XCBuildConfiguration;
			buildSettings = {
				BUNDLE_LOADER = "$(TEST_HOST)";
				CODE_SIGN_STYLE = Automatic;
				CURRENT_PROJECT_VERSION = 1;
				GENERATE_INFOPLIST_FILE = YES;
				IPHONEOS_DEPLOYMENT_TARGET = 18.2;
				MARKETING_VERSION = 1.0;
				PRODUCT_BUNDLE_IDENTIFIER = "com.pratik-iOS.PratikGajbhiyeTaskTests";
				PRODUCT_NAME = "$(TARGET_NAME)";
				SWIFT_EMIT_LOC_STRINGS = NO;
				SWIFT_VERSION = 5.0;
				TARGETED_DEVICE_FAMILY = "1,2";
				TEST_HOST = "$(BUILT_PRODUCTS_DIR)/PratikGajbhiyeTask.app/$(BUNDLE_EXECUTABLE_FOLDER_PATH)/PratikGajbhiyeTask";
			};
			name = Debug;
		};
		C1EB2B292EDAE2B1005CB17D /* Release */ = {
			isa = XCBuildConfiguration;
			buildSettings = {
				BUNDLE_LOADER = "$(TEST_HOST)";
				CODE_SIGN_STYLE = Automatic;
				CURRENT_PROJECT_VERSION = 1;
				GENERATE_INFOPLIST_FILE = YES;
				IPHONEOS_DEPLOYMENT_TARGET = 18.2;
				MARKETING_VERSION = 1.0;
				PRODUCT_BUNDLE_IDENTIFIER = "com.pratik-iOS.PratikGajbhiyeTaskTests";
				PRODUCT_NAME = "$(TARGET_NAME)";
				SWIFT_EMIT_LOC_STRINGS = NO;
				SWIFT_VERSION = 5.0;
				TARGETED_DEVICE_FAMILY = "1,2";
				TEST_HOST = "$(BUILT_PRODUCTS_DIR)/PratikGajbhiyeTask.app/$(BUNDLE_EXECUTABLE_FOLDER_PATH)/PratikGajbhiyeTask";
			};
			name = Release;
		};
		C1EB2B2B2EDAE2B1005CB17D /* Debug */ = {
			isa = XCBuildConfiguration;
			buildSettings = {
				CODE_SIGN_STYLE = Automatic;
				CURRENT_PROJECT_VERSION = 1;
				GENERATE_INFOPLIST_FILE = YES;
				MARKETING_VERSION = 1.0;
				PRODUCT_BUNDLE_IDENTIFIER = "com.pratik-iOS.PratikGajbhiyeTaskUITests";
				PRODUCT_NAME = "$(TARGET_NAME)";
				SWIFT_EMIT_LOC_STRINGS = NO;
				SWIFT_VERSION = 5.0;
				TARGETED_DEVICE_FAMILY = "1,2";
				TEST_TARGET_NAME = PratikGajbhiyeTask;
			};
			name = Debug;
		};
		C1EB2B2C2EDAE2B1005CB17D /* Release */ = {
			isa = XCBuildConfiguration;
			buildSettings = {
				CODE_SIGN_STYLE = Automatic;
				CURRENT_PROJECT_VERSION = 1;
				GENERATE_INFOPLIST_FILE = YES;
				MARKETING_VERSION = 1.0;
				PRODUCT_BUNDLE_IDENTIFIER = "com.pratik-iOS.PratikGajbhiyeTaskUITests";
				PRODUCT_NAME = "$(TARGET_NAME)";
				SWIFT_EMIT_LOC_STRINGS = NO;
				SWIFT_VERSION = 5.0;
				TARGETED_DEVICE_FAMILY = "1,2";
				TEST_TARGET_NAME = PratikGajbhiyeTask;
			};
			name = Release;
		};
/* End XCBuildConfiguration section */

/* Begin XCConfigurationList section */
		C1EB2AF42EDAE2AD005CB17D /* Build configuration list for PBXProject "PratikGajbhiyeTask" */ = {
			isa = XCConfigurationList;
			buildConfigurations = (
				C1EB2B252EDAE2B1005CB17D /* Debug */,
				C1EB2B262EDAE2B1005CB17D /* Release */,
			);
			defaultConfigurationIsVisible = 0;
			defaultConfigurationName = Release;
		};
		C1EB2B222EDAE2B1005CB17D /* Build configuration list for PBXNativeTarget "PratikGajbhiyeTask" */ = {
			isa = XCConfigurationList;
			buildConfigurations = (
				C1EB2B232EDAE2B1005CB17D /* Debug */,
				C1EB2B242EDAE2B1005CB17D /* Release */,
			);
			defaultConfigurationIsVisible = 0;
			defaultConfigurationName = Release;
		};
		C1EB2B272EDAE2B1005CB17D /* Build configuration list for PBXNativeTarget "PratikGajbhiyeTaskTests" */ = {
			isa = XCConfigurationList;
			buildConfigurations = (
				C1EB2B282EDAE2B1005CB17D /* Debug */,
				C1EB2B292EDAE2B1005CB17D /* Release */,
			);
			defaultConfigurationIsVisible = 0;
			defaultConfigurationName = Release;
		};
		C1EB2B2A2EDAE2B1005CB17D /* Build configuration list for PBXNativeTarget "PratikGajbhiyeTaskUITests" */ = {
			isa = XCConfigurationList;
			buildConfigurations = (
				C1EB2B2B2EDAE2B1005CB17D /* Debug */,
				C1EB2B2C2EDAE2B1005CB17D /* Release */,
			);
			defaultConfigurationIsVisible = 0;
			defaultConfigurationName = Release;
		};
/* End XCConfigurationList section */
	};
	rootObject = C1EB2AF12EDAE2AD005CB17D /* Project object */;
}
